{
  "nodes": {
    "nix-bundle-dir": {
      "inputs": {
        "nixpkgs": [
          "nixpkgs"
        ]
      },
      "locked": {
        "lastModified": 1772074911,
        "narHash": "sha256-pzmNKTAjZeL7xFIc/XywrmIIWPqghmvQCLRomzUDLsM=",
        "owner": "logos-co",
        "repo": "nix-bundle-dir",
        "rev": "3640018278c3d887279c2f3c30775708b91922c0",
        "type": "github"
      },
      "original": {
        "owner": "logos-co",
        "ref": "bundle-glib-schemas",
        "repo": "nix-bundle-dir",
        "type": "github"
      }
    },
    "nixpkgs": {
      "locked": {
        "lastModified": 1771848320,
        "narHash": "sha256-0MAd+0mun3K/Ns8JATeHT1sX28faLII5hVLq0L3BdZU=",
        "owner": "NixOS",
        "repo": "nixpkgs",
        "rev": "2fc6539b481e1d2569f25f8799236694180c0993",
        "type": "github"
      },
      "original": {
        "owner": "NixOS",
        "ref": "nixos-unstable",
        "repo": "nixpkgs",
        "type": "github"
      }
    },
    "root": {
      "inputs": {
        "nix-bundle-dir": "nix-bundle-dir",
        "nixpkgs": "nixpkgs"
      }
    }
  },
  "root": "root",
  "version": 7
}
